
Microsoft Visual Studio Solution File, Format Version 12.00
# Visual Studio 15
VisualStudioVersion = 15.0.27428.2037
MinimumVisualStudioVersion = 10.0.40219.1
Project("{FAE04EC0-301F-11D3-BF4B-00C04F79EFBC}") = "StorageMaster", "StorageMaster\StorageMaster.csproj", "{539B6815-47A7-4104-93CF-C453B77D14B7}"
EndProject
Global
	GlobalSection(SolutionConfigurationPlatforms) = preSolution
		Debug|Any CPU = Debug|Any CPU
		Release|Any CPU = Release|Any CPU
	EndGlobalSection
	GlobalSection(ProjectConfigurationPlatforms) = postSolution
		{539B6815-47A7-4104-93CF-C453B77D14B7}.Debug|Any CPU.ActiveCfg = Debug|Any CPU
		{539B6815-47A7-4104-93CF-C453B77D14B7}.Debug|Any CPU.Build.0 = Debug|Any CPU
		{539B6815-47A7-4104-93CF-C453B77D14B7}.Release|Any CPU.ActiveCfg = Release|Any CPU
		{539B6815-47A7-4104-93CF-C453B77D14B7}.Release|Any CPU.Build.0 = Release|Any CPU
	EndGlobalSection
	GlobalSection(SolutionProperties) = preSolution
		HideSolutionNode = FALSE
	EndGlobalSection
	GlobalSection(ExtensibilityGlobals) = postSolution
		SolutionGuid = {3033AA2E-0080-4CCF-A4A4-1BFF4D8C1707}
	EndGlobalSection
EndGlobal
