
Microsoft Visual Studio Solution File, Format Version 12.00
# Visual Studio 15
VisualStudioVersion = 15.0.27428.2037
MinimumVisualStudioVersion = 10.0.40219.1
Project("{FAE04EC0-301F-11D3-BF4B-00C04F79EFBC}") = "01.Shapes", "01.Shapes\01.Shapes.csproj", "{BC1998E9-6C76-4271-B6C1-3CB3E922C439}"
EndProject
Project("{FAE04EC0-301F-11D3-BF4B-00C04F79EFBC}") = "Cars", "Cars\Cars.csproj", "{3393D7F0-7F2A-4C02-A4A1-8E621330D081}"
EndProject
Global
	GlobalSection(SolutionConfigurationPlatforms) = preSolution
		Debug|Any CPU = Debug|Any CPU
		Release|Any CPU = Release|Any CPU
	EndGlobalSection
	GlobalSection(ProjectConfigurationPlatforms) = postSolution
		{BC1998E9-6C76-4271-B6C1-3CB3E922C439}.Debug|Any CPU.ActiveCfg = Debug|Any CPU
		{BC1998E9-6C76-4271-B6C1-3CB3E922C439}.Debug|Any CPU.Build.0 = Debug|Any CPU
		{BC1998E9-6C76-4271-B6C1-3CB3E922C439}.Release|Any CPU.ActiveCfg = Release|Any CPU
		{BC1998E9-6C76-4271-B6C1-3CB3E922C439}.Release|Any CPU.Build.0 = Release|Any CPU
		{3393D7F0-7F2A-4C02-A4A1-8E621330D081}.Debug|Any CPU.ActiveCfg = Debug|Any CPU
		{3393D7F0-7F2A-4C02-A4A1-8E621330D081}.Debug|Any CPU.Build.0 = Debug|Any CPU
		{3393D7F0-7F2A-4C02-A4A1-8E621330D081}.Release|Any CPU.ActiveCfg = Release|Any CPU
		{3393D7F0-7F2A-4C02-A4A1-8E621330D081}.Release|Any CPU.Build.0 = Release|Any CPU
	EndGlobalSection
	GlobalSection(SolutionProperties) = preSolution
		HideSolutionNode = FALSE
	EndGlobalSection
	GlobalSection(ExtensibilityGlobals) = postSolution
		SolutionGuid = {F173A95E-88B3-4B35-B3D9-9153C05B1FF2}
	EndGlobalSection
EndGlobal
