
Microsoft Visual Studio Solution File, Format Version 12.00
# Visual Studio 15
VisualStudioVersion = 15.0.27428.2037
MinimumVisualStudioVersion = 10.0.40219.1
Project("{FAE04EC0-301F-11D3-BF4B-00C04F79EFBC}") = "01.Persons", "01.Persons\01.Persons.csproj", "{6F6C01C7-7D2A-4039-A6A1-1FD9334E98C0}"
EndProject
Project("{FAE04EC0-301F-11D3-BF4B-00C04F79EFBC}") = "02.Salary", "02.Salary\02.Salary.csproj", "{93D0CFD3-C84D-4A6C-AE69-AC1B3AA6BECF}"
EndProject
Project("{FAE04EC0-301F-11D3-BF4B-00C04F79EFBC}") = "03.Validation", "03.Validation\03.Validation.csproj", "{727138F0-6C96-4491-AFC3-6719AC4A7D78}"
EndProject
Project("{FAE04EC0-301F-11D3-BF4B-00C04F79EFBC}") = "04.Team", "04.Team\04.Team.csproj", "{06A98593-48FF-4CE0-9D47-C76D05ECDD0F}"
EndProject
Project("{FAE04EC0-301F-11D3-BF4B-00C04F79EFBC}") = "test", "test\test.csproj", "{73066AB7-1877-450B-BE32-BA749F4C5CC4}"
EndProject
Global
	GlobalSection(SolutionConfigurationPlatforms) = preSolution
		Debug|Any CPU = Debug|Any CPU
		Release|Any CPU = Release|Any CPU
	EndGlobalSection
	GlobalSection(ProjectConfigurationPlatforms) = postSolution
		{6F6C01C7-7D2A-4039-A6A1-1FD9334E98C0}.Debug|Any CPU.ActiveCfg = Debug|Any CPU
		{6F6C01C7-7D2A-4039-A6A1-1FD9334E98C0}.Debug|Any CPU.Build.0 = Debug|Any CPU
		{6F6C01C7-7D2A-4039-A6A1-1FD9334E98C0}.Release|Any CPU.ActiveCfg = Release|Any CPU
		{6F6C01C7-7D2A-4039-A6A1-1FD9334E98C0}.Release|Any CPU.Build.0 = Release|Any CPU
		{93D0CFD3-C84D-4A6C-AE69-AC1B3AA6BECF}.Debug|Any CPU.ActiveCfg = Debug|Any CPU
		{93D0CFD3-C84D-4A6C-AE69-AC1B3AA6BECF}.Debug|Any CPU.Build.0 = Debug|Any CPU
		{93D0CFD3-C84D-4A6C-AE69-AC1B3AA6BECF}.Release|Any CPU.ActiveCfg = Release|Any CPU
		{93D0CFD3-C84D-4A6C-AE69-AC1B3AA6BECF}.Release|Any CPU.Build.0 = Release|Any CPU
		{727138F0-6C96-4491-AFC3-6719AC4A7D78}.Debug|Any CPU.ActiveCfg = Debug|Any CPU
		{727138F0-6C96-4491-AFC3-6719AC4A7D78}.Debug|Any CPU.Build.0 = Debug|Any CPU
		{727138F0-6C96-4491-AFC3-6719AC4A7D78}.Release|Any CPU.ActiveCfg = Release|Any CPU
		{727138F0-6C96-4491-AFC3-6719AC4A7D78}.Release|Any CPU.Build.0 = Release|Any CPU
		{06A98593-48FF-4CE0-9D47-C76D05ECDD0F}.Debug|Any CPU.ActiveCfg = Debug|Any CPU
		{06A98593-48FF-4CE0-9D47-C76D05ECDD0F}.Debug|Any CPU.Build.0 = Debug|Any CPU
		{06A98593-48FF-4CE0-9D47-C76D05ECDD0F}.Release|Any CPU.ActiveCfg = Release|Any CPU
		{06A98593-48FF-4CE0-9D47-C76D05ECDD0F}.Release|Any CPU.Build.0 = Release|Any CPU
		{73066AB7-1877-450B-BE32-BA749F4C5CC4}.Debug|Any CPU.ActiveCfg = Debug|Any CPU
		{73066AB7-1877-450B-BE32-BA749F4C5CC4}.Debug|Any CPU.Build.0 = Debug|Any CPU
		{73066AB7-1877-450B-BE32-BA749F4C5CC4}.Release|Any CPU.ActiveCfg = Release|Any CPU
		{73066AB7-1877-450B-BE32-BA749F4C5CC4}.Release|Any CPU.Build.0 = Release|Any CPU
	EndGlobalSection
	GlobalSection(SolutionProperties) = preSolution
		HideSolutionNode = FALSE
	EndGlobalSection
	GlobalSection(ExtensibilityGlobals) = postSolution
		SolutionGuid = {3C67E071-D0AE-414B-AB4E-38B0383B4400}
	EndGlobalSection
EndGlobal
