
Microsoft Visual Studio Solution File, Format Version 12.00
# Visual Studio 15
VisualStudioVersion = 15.0.27428.2037
MinimumVisualStudioVersion = 10.0.40219.1
Project("{FAE04EC0-301F-11D3-BF4B-00C04F79EFBC}") = "01.MathOperations", "01.MathOperations\01.MathOperations.csproj", "{BBAB1228-795B-448C-808D-B73006A37167}"
EndProject
Project("{FAE04EC0-301F-11D3-BF4B-00C04F79EFBC}") = "02.Animals", "02.Animals\02.Animals.csproj", "{068D4718-DD69-4789-8E7F-9C44BD4C1304}"
EndProject
Project("{FAE04EC0-301F-11D3-BF4B-00C04F79EFBC}") = "03.Shapes", "03.Shapes\03.Shapes.csproj", "{FE2A2FBF-9706-44F3-A15B-39FEB43F8084}"
EndProject
Global
	GlobalSection(SolutionConfigurationPlatforms) = preSolution
		Debug|Any CPU = Debug|Any CPU
		Release|Any CPU = Release|Any CPU
	EndGlobalSection
	GlobalSection(ProjectConfigurationPlatforms) = postSolution
		{BBAB1228-795B-448C-808D-B73006A37167}.Debug|Any CPU.ActiveCfg = Debug|Any CPU
		{BBAB1228-795B-448C-808D-B73006A37167}.Debug|Any CPU.Build.0 = Debug|Any CPU
		{BBAB1228-795B-448C-808D-B73006A37167}.Release|Any CPU.ActiveCfg = Release|Any CPU
		{BBAB1228-795B-448C-808D-B73006A37167}.Release|Any CPU.Build.0 = Release|Any CPU
		{068D4718-DD69-4789-8E7F-9C44BD4C1304}.Debug|Any CPU.ActiveCfg = Debug|Any CPU
		{068D4718-DD69-4789-8E7F-9C44BD4C1304}.Debug|Any CPU.Build.0 = Debug|Any CPU
		{068D4718-DD69-4789-8E7F-9C44BD4C1304}.Release|Any CPU.ActiveCfg = Release|Any CPU
		{068D4718-DD69-4789-8E7F-9C44BD4C1304}.Release|Any CPU.Build.0 = Release|Any CPU
		{FE2A2FBF-9706-44F3-A15B-39FEB43F8084}.Debug|Any CPU.ActiveCfg = Debug|Any CPU
		{FE2A2FBF-9706-44F3-A15B-39FEB43F8084}.Debug|Any CPU.Build.0 = Debug|Any CPU
		{FE2A2FBF-9706-44F3-A15B-39FEB43F8084}.Release|Any CPU.ActiveCfg = Release|Any CPU
		{FE2A2FBF-9706-44F3-A15B-39FEB43F8084}.Release|Any CPU.Build.0 = Release|Any CPU
	EndGlobalSection
	GlobalSection(SolutionProperties) = preSolution
		HideSolutionNode = FALSE
	EndGlobalSection
	GlobalSection(ExtensibilityGlobals) = postSolution
		SolutionGuid = {5ED01CE8-9C14-4BD0-93A9-673395E4A3D5}
	EndGlobalSection
EndGlobal
